{
  "lockfileVersion": 1,
  "configVersion": 1,
  "workspaces": {
    "": {
      "name": "@rona/nix-codex",
      "dependencies": {
        "@openai/codex": "0.118.0",
      },
      "devDependencies": {
        "@types/bun": "^1.3.10",
        "bun2nix": "2.0.8",
      },
    },
  },
  "packages": {
    "@openai/codex": ["@openai/codex@0.118.0", "", { "optionalDependencies": { "@openai/codex-darwin-arm64": "npm:@openai/codex@0.118.0-darwin-arm64", "@openai/codex-darwin-x64": "npm:@openai/codex@0.118.0-darwin-x64", "@openai/codex-linux-arm64": "npm:@openai/codex@0.118.0-linux-arm64", "@openai/codex-linux-x64": "npm:@openai/codex@0.118.0-linux-x64", "@openai/codex-win32-arm64": "npm:@openai/codex@0.118.0-win32-arm64", "@openai/codex-win32-x64": "npm:@openai/codex@0.118.0-win32-x64" }, "bin": { "codex": "bin/codex.js" } }, "sha512-oJhNOsP/Vu7DBUhodpP15z60cCZv3sKORqUn1+pepleqSTmc0zXJZSjz6fQOLzny9Ra6sRcvprFFKmQ3Q6+E6w=="],

    "@openai/codex-darwin-arm64": ["@openai/codex@0.118.0-darwin-arm64", "", { "os": "darwin", "cpu": "arm64" }, "sha512-sxq7Q2q9YiJN1wNrzvFRCC5oQKXPVUvu9Ejg6SI/CvyyI9YdtyLTO633wQJALGB7XQfT+3tyM5nNBivnSzLA3Q=="],

    "@openai/codex-darwin-x64": ["@openai/codex@0.118.0-darwin-x64", "", { "os": "darwin", "cpu": "x64" }, "sha512-iIvrqzsh1iJmVfqyYwLZBiuh0MkN1Suqniz9hBfmRmE6txMWhRVfigb9SMBiOkfCW1C4sjBwLCsCSzg11rvppQ=="],

    "@openai/codex-linux-arm64": ["@openai/codex@0.118.0-linux-arm64", "", { "os": "linux", "cpu": "arm64" }, "sha512-YKWmIqLBu9mmBhN3JHQNkLzk0BtAtV6LBPvhnL5eeHkNrChvA6PKrhsjy0O7wvRkiByZY/1dD14qVdAUfxcbiA=="],

    "@openai/codex-linux-x64": ["@openai/codex@0.118.0-linux-x64", "", { "os": "linux", "cpu": "x64" }, "sha512-vzU2d/gwAmZbf/DnwVzfQiNN3Ri04XpaZiJkHElIvGoqFbdrxRQFYTtslGDISYIO3o+POADZcFZIfamFsZj9yQ=="],

    "@openai/codex-win32-arm64": ["@openai/codex@0.118.0-win32-arm64", "", { "os": "win32", "cpu": "arm64" }, "sha512-AU7GPVFqd0Ml3P2OXfy6K6TONcxfCZLUh1zjYkkoPGWJ4A3BVMkOmMP9CAdSiQsnU/RQfdV/9IGqo1xwUQDdjA=="],

    "@openai/codex-win32-x64": ["@openai/codex@0.118.0-win32-x64", "", { "os": "win32", "cpu": "x64" }, "sha512-9vKW1ANQxIUsLpiY0VsOM+1avZjqxDZgqgxKABJHWRlLMuaSykwXexf8Hqq+BnYFfmn0d6MjxTuE1UtVvg9caw=="],

    "@types/bun": ["@types/bun@1.3.10", "", { "dependencies": { "bun-types": "1.3.10" } }, "sha512-0+rlrUrOrTSskibryHbvQkDOWRJwJZqZlxrUs1u4oOoTln8+WIXBPmAuCF35SWB2z4Zl3E84Nl/D0P7803nigQ=="],

    "@types/node": ["@types/node@25.5.0", "", { "dependencies": { "undici-types": "~7.18.0" } }, "sha512-jp2P3tQMSxWugkCUKLRPVUpGaL5MVFwF8RDuSRztfwgN1wmqJeMSbKlnEtQqU8UrhTmzEmZdu2I6v2dpp7XIxw=="],

    "bun-types": ["bun-types@1.3.10", "", { "dependencies": { "@types/node": "*" } }, "sha512-tcpfCCl6XWo6nCVnpcVrxQ+9AYN1iqMIzgrSKYMB/fjLtV2eyAVEg7AxQJuCq/26R6HpKWykQXuSOq/21RYcbg=="],

    "bun2nix": ["bun2nix@2.0.8", "", { "dependencies": { "sade": "^1.8.1" }, "bin": { "bun2nix": "index.ts" } }, "sha512-pwq35hA81X1Kjsi5Xo69Aii9aY3zZHhWXwqF1QRz/uB35KzKbwJZ16WrhadiG9/T6bjOsRrPZtzuAyqmlXopLw=="],

    "mri": ["mri@1.2.0", "", {}, "sha512-tzzskb3bG8LvYGFF/mDTpq3jpI6Q9wc3LEmBaghu+DdCssd1FakN7Bc0hVNmEyGq1bq3RgfkCb3cmQLpNPOroA=="],

    "sade": ["sade@1.8.1", "", { "dependencies": { "mri": "^1.1.0" } }, "sha512-xal3CZX1Xlo/k4ApwCFrHVACi9fBqJ7V+mwhBsuf/1IOKbBy098Fex+Wa/5QMubw09pSZ/u8EY8PWgevJsXp1A=="],

    "undici-types": ["undici-types@7.18.2", "", {}, "sha512-AsuCzffGHJybSaRrmr5eHr81mwJU3kjw6M+uprWvCXiNeN9SOGwQ3Jn8jb8m3Z6izVgknn1R0FTCEAP2QrLY/w=="],
  }
}
